
Microsoft Visual Studio Solution File, Format Version 12.00
# Visual Studio Version 17
VisualStudioVersion = 17.6.33723.286
MinimumVisualStudioVersion = 10.0.40219.1
Project("{F184B08F-C81C-45F6-A57F-5ABD9991F28F}") = "RhythmChess", "RhythmChess.vbproj", "{A689366A-11F0-4DDB-8AE5-6B0A6984157D}"
EndProject
Global
	GlobalSection(SolutionConfigurationPlatforms) = preSolution
		Debug|Any CPU = Debug|Any CPU
		Release|Any CPU = Release|Any CPU
	EndGlobalSection
	GlobalSection(ProjectConfigurationPlatforms) = postSolution
		{A689366A-11F0-4DDB-8AE5-6B0A6984157D}.Debug|Any CPU.ActiveCfg = Debug|Any CPU
		{A689366A-11F0-4DDB-8AE5-6B0A6984157D}.Debug|Any CPU.Build.0 = Debug|Any CPU
		{A689366A-11F0-4DDB-8AE5-6B0A6984157D}.Release|Any CPU.ActiveCfg = Release|Any CPU
		{A689366A-11F0-4DDB-8AE5-6B0A6984157D}.Release|Any CPU.Build.0 = Release|Any CPU
	EndGlobalSection
	GlobalSection(SolutionProperties) = preSolution
		HideSolutionNode = FALSE
	EndGlobalSection
	GlobalSection(ExtensibilityGlobals) = postSolution
		SolutionGuid = {5A71D589-D566-4F2F-8C17-6E59B7266BAA}
	EndGlobalSection
EndGlobal
